// !$*UTF8*$!
{
	archiveVersion = 1;
	classes = {
	};
	objectVersion = 46;
	objects = {

/* Begin PBXBuildFile section */
		7211F18F1BB064EE0057F624 /* FavoriteComics.swift in Sources */ = {isa = PBXBuildFile; fileRef = 7211F18D1BB064EE0057F624 /* FavoriteComics.swift */; settings = {ASSET_TAGS = (); }; };
		7211F1911BB068850057F624 /* FavoritesTableViewerView.swift in Sources */ = {isa = PBXBuildFile; fileRef = 7211F1901BB068850057F624 /* FavoritesTableViewerView.swift */; settings = {ASSET_TAGS = (); }; };
		7211F1931BB09BC80057F624 /* FavoriteComicViewerView.swift in Sources */ = {isa = PBXBuildFile; fileRef = 7211F1921BB09BC80057F624 /* FavoriteComicViewerView.swift */; settings = {ASSET_TAGS = (); }; };
		724806BE1BA7599900B7AFB4 /* CurrentComic.swift in Sources */ = {isa = PBXBuildFile; fileRef = 724806BB1BA7599900B7AFB4 /* CurrentComic.swift */; };
		727F20E71BA11468003F56D9 /* AppDelegate.swift in Sources */ = {isa = PBXBuildFile; fileRef = 727F20E61BA11468003F56D9 /* AppDelegate.swift */; };
		727F20EA1BA11468003F56D9 /* WebcomicViewer.xcdatamodeld in Sources */ = {isa = PBXBuildFile; fileRef = 727F20E81BA11468003F56D9 /* WebcomicViewer.xcdatamodeld */; };
		727F20EC1BA11468003F56D9 /* MenuViewController.swift in Sources */ = {isa = PBXBuildFile; fileRef = 727F20EB1BA11468003F56D9 /* MenuViewController.swift */; };
		727F20EF1BA11468003F56D9 /* Main.storyboard in Resources */ = {isa = PBXBuildFile; fileRef = 727F20ED1BA11468003F56D9 /* Main.storyboard */; };
		727F20F11BA11468003F56D9 /* Images.xcassets in Resources */ = {isa = PBXBuildFile; fileRef = 727F20F01BA11468003F56D9 /* Images.xcassets */; };
		727F20F41BA11468003F56D9 /* LaunchScreen.xib in Resources */ = {isa = PBXBuildFile; fileRef = 727F20F21BA11468003F56D9 /* LaunchScreen.xib */; };
		727F21001BA11468003F56D9 /* WebcomicViewerTests.swift in Sources */ = {isa = PBXBuildFile; fileRef = 727F20FF1BA11468003F56D9 /* WebcomicViewerTests.swift */; };
		727F210A1BA11AAF003F56D9 /* ComicViewerView.swift in Sources */ = {isa = PBXBuildFile; fileRef = 727F21091BA11AAF003F56D9 /* ComicViewerView.swift */; };
		727F210C1BA11B61003F56D9 /* NumberPickerView.swift in Sources */ = {isa = PBXBuildFile; fileRef = 727F210B1BA11B61003F56D9 /* NumberPickerView.swift */; };
		72D5B1251BAFB70A0007722D /* RandomComicViewerView.swift in Sources */ = {isa = PBXBuildFile; fileRef = 72D5B1241BAFB70A0007722D /* RandomComicViewerView.swift */; settings = {ASSET_TAGS = (); }; };
		72D5B1271BAFBA4E0007722D /* NumberComicViewerView.swift in Sources */ = {isa = PBXBuildFile; fileRef = 72D5B1261BAFBA4E0007722D /* NumberComicViewerView.swift */; settings = {ASSET_TAGS = (); }; };
		72D5B1291BAFC53A0007722D /* LastComicViewerView.swift in Sources */ = {isa = PBXBuildFile; fileRef = 72D5B1281BAFC53A0007722D /* LastComicViewerView.swift */; settings = {ASSET_TAGS = (); }; };
/* End PBXBuildFile section */

/* Begin PBXContainerItemProxy section */
		727F20FA1BA11468003F56D9 /* PBXContainerItemProxy */ = {
			isa = PBXContainerItemProxy;
			containerPortal = 727F20D91BA11468003F56D9 /* Project object */;
			proxyType = 1;
			remoteGlobalIDString = 727F20E01BA11468003F56D9;
			remoteInfo = WebcomicViewer;
		};
/* End PBXContainerItemProxy section */

/* Begin PBXFileReference section */
		7211F18D1BB064EE0057F624 /* FavoriteComics.swift */ = {isa = PBXFileReference; fileEncoding = 4; lastKnownFileType = sourcecode.swift; path = FavoriteComics.swift; sourceTree = "<group>"; };
		7211F1901BB068850057F624 /* FavoritesTableViewerView.swift */ = {isa = PBXFileReference; fileEncoding = 4; lastKnownFileType = sourcecode.swift; path = FavoritesTableViewerView.swift; sourceTree = "<group>"; };
		7211F1921BB09BC80057F624 /* FavoriteComicViewerView.swift */ = {isa = PBXFileReference; fileEncoding = 4; lastKnownFileType = sourcecode.swift; path = FavoriteComicViewerView.swift; sourceTree = "<group>"; };
		724806BB1BA7599900B7AFB4 /* CurrentComic.swift */ = {isa = PBXFileReference; fileEncoding = 4; lastKnownFileType = sourcecode.swift; path = CurrentComic.swift; sourceTree = "<group>"; };
		727F20E11BA11468003F56D9 /* WebcomicViewer.app */ = {isa = PBXFileReference; explicitFileType = wrapper.application; includeInIndex = 0; path = WebcomicViewer.app; sourceTree = BUILT_PRODUCTS_DIR; };
		727F20E51BA11468003F56D9 /* Info.plist */ = {isa = PBXFileReference; lastKnownFileType = text.plist.xml; path = Info.plist; sourceTree = "<group>"; };
		727F20E61BA11468003F56D9 /* AppDelegate.swift */ = {isa = PBXFileReference; lastKnownFileType = sourcecode.swift; path = AppDelegate.swift; sourceTree = "<group>"; };
		727F20E91BA11468003F56D9 /* WebcomicViewer.xcdatamodel */ = {isa = PBXFileReference; lastKnownFileType = wrapper.xcdatamodel; path = WebcomicViewer.xcdatamodel; sourceTree = "<group>"; };
		727F20EB1BA11468003F56D9 /* MenuViewController.swift */ = {isa = PBXFileReference; lastKnownFileType = sourcecode.swift; path = MenuViewController.swift; sourceTree = "<group>"; };
		727F20EE1BA11468003F56D9 /* Base */ = {isa = PBXFileReference; lastKnownFileType = file.storyboard; name = Base; path = Base.lproj/Main.storyboard; sourceTree = "<group>"; };
		727F20F01BA11468003F56D9 /* Images.xcassets */ = {isa = PBXFileReference; lastKnownFileType = folder.assetcatalog; path = Images.xcassets; sourceTree = "<group>"; };
		727F20F31BA11468003F56D9 /* Base */ = {isa = PBXFileReference; lastKnownFileType = file.xib; name = Base; path = Base.lproj/LaunchScreen.xib; sourceTree = "<group>"; };
		727F20F91BA11468003F56D9 /* WebcomicViewerTests.xctest */ = {isa = PBXFileReference; explicitFileType = wrapper.cfbundle; includeInIndex = 0; path = WebcomicViewerTests.xctest; sourceTree = BUILT_PRODUCTS_DIR; };
		727F20FE1BA11468003F56D9 /* Info.plist */ = {isa = PBXFileReference; lastKnownFileType = text.plist.xml; path = Info.plist; sourceTree = "<group>"; };
		727F20FF1BA11468003F56D9 /* WebcomicViewerTests.swift */ = {isa = PBXFileReference; lastKnownFileType = sourcecode.swift; path = WebcomicViewerTests.swift; sourceTree = "<group>"; };
		727F21091BA11AAF003F56D9 /* ComicViewerView.swift */ = {isa = PBXFileReference; fileEncoding = 4; lastKnownFileType = sourcecode.swift; path = ComicViewerView.swift; sourceTree = "<group>"; };
		727F210B1BA11B61003F56D9 /* NumberPickerView.swift */ = {isa = PBXFileReference; fileEncoding = 4; lastKnownFileType = sourcecode.swift; path = NumberPickerView.swift; sourceTree = "<group>"; };
		72D5B1241BAFB70A0007722D /* RandomComicViewerView.swift */ = {isa = PBXFileReference; fileEncoding = 4; lastKnownFileType = sourcecode.swift; path = RandomComicViewerView.swift; sourceTree = "<group>"; };
		72D5B1261BAFBA4E0007722D /* NumberComicViewerView.swift */ = {isa = PBXFileReference; fileEncoding = 4; lastKnownFileType = sourcecode.swift; path = NumberComicViewerView.swift; sourceTree = "<group>"; };
		72D5B1281BAFC53A0007722D /* LastComicViewerView.swift */ = {isa = PBXFileReference; fileEncoding = 4; lastKnownFileType = sourcecode.swift; path = LastComicViewerView.swift; sourceTree = "<group>"; };
/* End PBXFileReference section */

/* Begin PBXFrameworksBuildPhase section */
		727F20DE1BA11468003F56D9 /* Frameworks */ = {
			isa = PBXFrameworksBuildPhase;
			buildActionMask = 2147483647;
			files = (
			);
			runOnlyForDeploymentPostprocessing = 0;
		};
		727F20F61BA11468003F56D9 /* Frameworks */ = {
			isa = PBXFrameworksBuildPhase;
			buildActionMask = 2147483647;
			files = (
			);
			runOnlyForDeploymentPostprocessing = 0;
		};
/* End PBXFrameworksBuildPhase section */

/* Begin PBXGroup section */
		727F20D81BA11468003F56D9 = {
			isa = PBXGroup;
			children = (
				727F20E31BA11468003F56D9 /* WebcomicViewer */,
				727F20FC1BA11468003F56D9 /* WebcomicViewerTests */,
				727F20E21BA11468003F56D9 /* Products */,
			);
			sourceTree = "<group>";
		};
		727F20E21BA11468003F56D9 /* Products */ = {
			isa = PBXGroup;
			children = (
				727F20E11BA11468003F56D9 /* WebcomicViewer.app */,
				727F20F91BA11468003F56D9 /* WebcomicViewerTests.xctest */,
			);
			name = Products;
			sourceTree = "<group>";
		};
		727F20E31BA11468003F56D9 /* WebcomicViewer */ = {
			isa = PBXGroup;
			children = (
				7211F18D1BB064EE0057F624 /* FavoriteComics.swift */,
				724806BB1BA7599900B7AFB4 /* CurrentComic.swift */,
				727F20E61BA11468003F56D9 /* AppDelegate.swift */,
				727F20EB1BA11468003F56D9 /* MenuViewController.swift */,
				727F20ED1BA11468003F56D9 /* Main.storyboard */,
				7211F1921BB09BC80057F624 /* FavoriteComicViewerView.swift */,
				7211F1901BB068850057F624 /* FavoritesTableViewerView.swift */,
				727F210B1BA11B61003F56D9 /* NumberPickerView.swift */,
				727F21091BA11AAF003F56D9 /* ComicViewerView.swift */,
				72D5B1261BAFBA4E0007722D /* NumberComicViewerView.swift */,
				72D5B1281BAFC53A0007722D /* LastComicViewerView.swift */,
				72D5B1241BAFB70A0007722D /* RandomComicViewerView.swift */,
				727F20F01BA11468003F56D9 /* Images.xcassets */,
				727F20F21BA11468003F56D9 /* LaunchScreen.xib */,
				727F20E81BA11468003F56D9 /* WebcomicViewer.xcdatamodeld */,
				727F20E41BA11468003F56D9 /* Supporting Files */,
			);
			path = WebcomicViewer;
			sourceTree = "<group>";
		};
		727F20E41BA11468003F56D9 /* Supporting Files */ = {
			isa = PBXGroup;
			children = (
				727F20E51BA11468003F56D9 /* Info.plist */,
			);
			name = "Supporting Files";
			sourceTree = "<group>";
		};
		727F20FC1BA11468003F56D9 /* WebcomicViewerTests */ = {
			isa = PBXGroup;
			children = (
				727F20FF1BA11468003F56D9 /* WebcomicViewerTests.swift */,
				727F20FD1BA11468003F56D9 /* Supporting Files */,
			);
			path = WebcomicViewerTests;
			sourceTree = "<group>";
		};
		727F20FD1BA11468003F56D9 /* Supporting Files */ = {
			isa = PBXGroup;
			children = (
				727F20FE1BA11468003F56D9 /* Info.plist */,
			);
			name = "Supporting Files";
			sourceTree = "<group>";
		};
/* End PBXGroup section */

/* Begin PBXNativeTarget section */
		727F20E01BA11468003F56D9 /* WebcomicViewer */ = {
			isa = PBXNativeTarget;
			buildConfigurationList = 727F21031BA11468003F56D9 /* Build configuration list for PBXNativeTarget "WebcomicViewer" */;
			buildPhases = (
				727F20DD1BA11468003F56D9 /* Sources */,
				727F20DE1BA11468003F56D9 /* Frameworks */,
				727F20DF1BA11468003F56D9 /* Resources */,
			);
			buildRules = (
			);
			dependencies = (
			);
			name = WebcomicViewer;
			productName = WebcomicViewer;
			productReference = 727F20E11BA11468003F56D9 /* WebcomicViewer.app */;
			productType = "com.apple.product-type.application";
		};
		727F20F81BA11468003F56D9 /* WebcomicViewerTests */ = {
			isa = PBXNativeTarget;
			buildConfigurationList = 727F21061BA11468003F56D9 /* Build configuration list for PBXNativeTarget "WebcomicViewerTests" */;
			buildPhases = (
				727F20F51BA11468003F56D9 /* Sources */,
				727F20F61BA11468003F56D9 /* Frameworks */,
				727F20F71BA11468003F56D9 /* Resources */,
			);
			buildRules = (
			);
			dependencies = (
				727F20FB1BA11468003F56D9 /* PBXTargetDependency */,
			);
			name = WebcomicViewerTests;
			productName = WebcomicViewerTests;
			productReference = 727F20F91BA11468003F56D9 /* WebcomicViewerTests.xctest */;
			productType = "com.apple.product-type.bundle.unit-test";
		};
/* End PBXNativeTarget section */

/* Begin PBXProject section */
		727F20D91BA11468003F56D9 /* Project object */ = {
			isa = PBXProject;
			attributes = {
				LastSwiftMigration = 0700;
				LastSwiftUpdateCheck = 0700;
				LastUpgradeCheck = 0700;
				ORGANIZATIONNAME = "Damonique Thomas";
				TargetAttributes = {
					727F20E01BA11468003F56D9 = {
						CreatedOnToolsVersion = 6.4;
					};
					727F20F81BA11468003F56D9 = {
						CreatedOnToolsVersion = 6.4;
						TestTargetID = 727F20E01BA11468003F56D9;
					};
				};
			};
			buildConfigurationList = 727F20DC1BA11468003F56D9 /* Build configuration list for PBXProject "WebcomicViewer" */;
			compatibilityVersion = "Xcode 3.2";
			developmentRegion = English;
			hasScannedForEncodings = 0;
			knownRegions = (
				en,
				Base,
			);
			mainGroup = 727F20D81BA11468003F56D9;
			productRefGroup = 727F20E21BA11468003F56D9 /* Products */;
			projectDirPath = "";
			projectRoot = "";
			targets = (
				727F20E01BA11468003F56D9 /* WebcomicViewer */,
				727F20F81BA11468003F56D9 /* WebcomicViewerTests */,
			);
		};
/* End PBXProject section */

/* Begin PBXResourcesBuildPhase section */
		727F20DF1BA11468003F56D9 /* Resources */ = {
			isa = PBXResourcesBuildPhase;
			buildActionMask = 2147483647;
			files = (
				727F20EF1BA11468003F56D9 /* Main.storyboard in Resources */,
				727F20F41BA11468003F56D9 /* LaunchScreen.xib in Resources */,
				727F20F11BA11468003F56D9 /* Images.xcassets in Resources */,
			);
			runOnlyForDeploymentPostprocessing = 0;
		};
		727F20F71BA11468003F56D9 /* Resources */ = {
			isa = PBXResourcesBuildPhase;
			buildActionMask = 2147483647;
			files = (
			);
			runOnlyForDeploymentPostprocessing = 0;
		};
/* End PBXResourcesBuildPhase section */

/* Begin PBXSourcesBuildPhase section */
		727F20DD1BA11468003F56D9 /* Sources */ = {
			isa = PBXSourcesBuildPhase;
			buildActionMask = 2147483647;
			files = (
				7211F18F1BB064EE0057F624 /* FavoriteComics.swift in Sources */,
				72D5B1251BAFB70A0007722D /* RandomComicViewerView.swift in Sources */,
				7211F1911BB068850057F624 /* FavoritesTableViewerView.swift in Sources */,
				727F20EC1BA11468003F56D9 /* MenuViewController.swift in Sources */,
				727F210C1BA11B61003F56D9 /* NumberPickerView.swift in Sources */,
				727F20EA1BA11468003F56D9 /* WebcomicViewer.xcdatamodeld in Sources */,
				724806BE1BA7599900B7AFB4 /* CurrentComic.swift in Sources */,
				727F210A1BA11AAF003F56D9 /* ComicViewerView.swift in Sources */,
				7211F1931BB09BC80057F624 /* FavoriteComicViewerView.swift in Sources */,
				727F20E71BA11468003F56D9 /* AppDelegate.swift in Sources */,
				72D5B1291BAFC53A0007722D /* LastComicViewerView.swift in Sources */,
				72D5B1271BAFBA4E0007722D /* NumberComicViewerView.swift in Sources */,
			);
			runOnlyForDeploymentPostprocessing = 0;
		};
		727F20F51BA11468003F56D9 /* Sources */ = {
			isa = PBXSourcesBuildPhase;
			buildActionMask = 2147483647;
			files = (
				727F21001BA11468003F56D9 /* WebcomicViewerTests.swift in Sources */,
			);
			runOnlyForDeploymentPostprocessing = 0;
		};
/* End PBXSourcesBuildPhase section */

/* Begin PBXTargetDependency section */
		727F20FB1BA11468003F56D9 /* PBXTargetDependency */ = {
			isa = PBXTargetDependency;
			target = 727F20E01BA11468003F56D9 /* WebcomicViewer */;
			targetProxy = 727F20FA1BA11468003F56D9 /* PBXContainerItemProxy */;
		};
/* End PBXTargetDependency section */

/* Begin PBXVariantGroup section */
		727F20ED1BA11468003F56D9 /* Main.storyboard */ = {
			isa = PBXVariantGroup;
			children = (
				727F20EE1BA11468003F56D9 /* Base */,
			);
			name = Main.storyboard;
			sourceTree = "<group>";
		};
		727F20F21BA11468003F56D9 /* LaunchScreen.xib */ = {
			isa = PBXVariantGroup;
			children = (
				727F20F31BA11468003F56D9 /* Base */,
			);
			name = LaunchScreen.xib;
			sourceTree = "<group>";
		};
/* End PBXVariantGroup section */

/* Begin XCBuildConfiguration section */
		727F21011BA11468003F56D9 /* Debug */ = {
			isa = XCBuildConfiguration;
			buildSettings = {
				ALWAYS_SEARCH_USER_PATHS = NO;
				CLANG_CXX_LANGUAGE_STANDARD = "gnu++0x";
				CLANG_CXX_LIBRARY = "libc++";
				CLANG_ENABLE_MODULES = YES;
				CLANG_ENABLE_OBJC_ARC = YES;
				CLANG_WARN_BOOL_CONVERSION = YES;
				CLANG_WARN_CONSTANT_CONVERSION = YES;
				CLANG_WARN_DIRECT_OBJC_ISA_USAGE = YES_ERROR;
				CLANG_WARN_EMPTY_BODY = YES;
				CLANG_WARN_ENUM_CONVERSION = YES;
				CLANG_WARN_INT_CONVERSION = YES;
				CLANG_WARN_OBJC_ROOT_CLASS = YES_ERROR;
				CLANG_WARN_UNREACHABLE_CODE = YES;
				CLANG_WARN__DUPLICATE_METHOD_MATCH = YES;
				"CODE_SIGN_IDENTITY[sdk=iphoneos*]" = "iPhone Developer";
				COPY_PHASE_STRIP = NO;
				DEBUG_INFORMATION_FORMAT = "dwarf-with-dsym";
				ENABLE_STRICT_OBJC_MSGSEND = YES;
				ENABLE_TESTABILITY = YES;
				GCC_C_LANGUAGE_STANDARD = gnu99;
				GCC_DYNAMIC_NO_PIC = NO;
				GCC_NO_COMMON_BLOCKS = YES;
				GCC_OPTIMIZATION_LEVEL = 0;
				GCC_PREPROCESSOR_DEFINITIONS = (
					"DEBUG=1",
					"$(inherited)",
				);
				GCC_SYMBOLS_PRIVATE_EXTERN = NO;
				GCC_WARN_64_TO_32_BIT_CONVERSION = YES;
				GCC_WARN_ABOUT_RETURN_TYPE = YES_ERROR;
				GCC_WARN_UNDECLARED_SELECTOR = YES;
				GCC_WARN_UNINITIALIZED_AUTOS = YES_AGGRESSIVE;
				GCC_WARN_UNUSED_FUNCTION = YES;
				GCC_WARN_UNUSED_VARIABLE = YES;
				IPHONEOS_DEPLOYMENT_TARGET = 8.4;
				MTL_ENABLE_DEBUG_INFO = YES;
				ONLY_ACTIVE_ARCH = YES;
				SDKROOT = iphoneos;
				SWIFT_OPTIMIZATION_LEVEL = "-Onone";
			};
			name = Debug;
		};
		727F21021BA11468003F56D9 /* Release */ = {
			isa = XCBuildConfiguration;
			buildSettings = {
				ALWAYS_SEARCH_USER_PATHS = NO;
				CLANG_CXX_LANGUAGE_STANDARD = "gnu++0x";
				CLANG_CXX_LIBRARY = "libc++";
				CLANG_ENABLE_MODULES = YES;
				CLANG_ENABLE_OBJC_ARC = YES;
				CLANG_WARN_BOOL_CONVERSION = YES;
				CLANG_WARN_CONSTANT_CONVERSION = YES;
				CLANG_WARN_DIRECT_OBJC_ISA_USAGE = YES_ERROR;
				CLANG_WARN_EMPTY_BODY = YES;
				CLANG_WARN_ENUM_CONVERSION = YES;
				CLANG_WARN_INT_CONVERSION = YES;
				CLANG_WARN_OBJC_ROOT_CLASS = YES_ERROR;
				CLANG_WARN_UNREACHABLE_CODE = YES;
				CLANG_WARN__DUPLICATE_METHOD_MATCH = YES;
				"CODE_SIGN_IDENTITY[sdk=iphoneos*]" = "iPhone Developer";
				COPY_PHASE_STRIP = NO;
				DEBUG_INFORMATION_FORMAT = "dwarf-with-dsym";
				ENABLE_NS_ASSERTIONS = NO;
				ENABLE_STRICT_OBJC_MSGSEND = YES;
				GCC_C_LANGUAGE_STANDARD = gnu99;
				GCC_NO_COMMON_BLOCKS = YES;
				GCC_WARN_64_TO_32_BIT_CONVERSION = YES;
				GCC_WARN_ABOUT_RETURN_TYPE = YES_ERROR;
				GCC_WARN_UNDECLARED_SELECTOR = YES;
				GCC_WARN_UNINITIALIZED_AUTOS = YES_AGGRESSIVE;
				GCC_WARN_UNUSED_FUNCTION = YES;
				GCC_WARN_UNUSED_VARIABLE = YES;
				IPHONEOS_DEPLOYMENT_TARGET = 8.4;
				MTL_ENABLE_DEBUG_INFO = NO;
				SDKROOT = iphoneos;
				VALIDATE_PRODUCT = YES;
			};
			name = Release;
		};
		727F21041BA11468003F56D9 /* Debug */ = {
			isa = XCBuildConfiguration;
			buildSettings = {
				ASSETCATALOG_COMPILER_APPICON_NAME = AppIcon;
				INFOPLIST_FILE = WebcomicViewer/Info.plist;
				LD_RUNPATH_SEARCH_PATHS = "$(inherited) @executable_path/Frameworks";
				PRODUCT_BUNDLE_IDENTIFIER = "damoniquethomas.$(PRODUCT_NAME:rfc1034identifier)";
				PRODUCT_NAME = "$(TARGET_NAME)";
			};
			name = Debug;
		};
		727F21051BA11468003F56D9 /* Release */ = {
			isa = XCBuildConfiguration;
			buildSettings = {
				ASSETCATALOG_COMPILER_APPICON_NAME = AppIcon;
				INFOPLIST_FILE = WebcomicViewer/Info.plist;
				LD_RUNPATH_SEARCH_PATHS = "$(inherited) @executable_path/Frameworks";
				PRODUCT_BUNDLE_IDENTIFIER = "damoniquethomas.$(PRODUCT_NAME:rfc1034identifier)";
				PRODUCT_NAME = "$(TARGET_NAME)";
			};
			name = Release;
		};
		727F21071BA11468003F56D9 /* Debug */ = {
			isa = XCBuildConfiguration;
			buildSettings = {
				BUNDLE_LOADER = "$(TEST_HOST)";
				FRAMEWORK_SEARCH_PATHS = (
					"$(SDKROOT)/Developer/Library/Frameworks",
					"$(inherited)",
				);
				GCC_PREPROCESSOR_DEFINITIONS = (
					"DEBUG=1",
					"$(inherited)",
				);
				INFOPLIST_FILE = WebcomicViewerTests/Info.plist;
				LD_RUNPATH_SEARCH_PATHS = "$(inherited) @executable_path/Frameworks @loader_path/Frameworks";
				PRODUCT_BUNDLE_IDENTIFIER = "damoniquethomas.$(PRODUCT_NAME:rfc1034identifier)";
				PRODUCT_NAME = "$(TARGET_NAME)";
				TEST_HOST = "$(BUILT_PRODUCTS_DIR)/WebcomicViewer.app/WebcomicViewer";
			};
			name = Debug;
		};
		727F21081BA11468003F56D9 /* Release */ = {
			isa = XCBuildConfiguration;
			buildSettings = {
				BUNDLE_LOADER = "$(TEST_HOST)";
				FRAMEWORK_SEARCH_PATHS = (
					"$(SDKROOT)/Developer/Library/Frameworks",
					"$(inherited)",
				);
				INFOPLIST_FILE = WebcomicViewerTests/Info.plist;
				LD_RUNPATH_SEARCH_PATHS = "$(inherited) @executable_path/Frameworks @loader_path/Frameworks";
				PRODUCT_BUNDLE_IDENTIFIER = "damoniquethomas.$(PRODUCT_NAME:rfc1034identifier)";
				PRODUCT_NAME = "$(TARGET_NAME)";
				TEST_HOST = "$(BUILT_PRODUCTS_DIR)/WebcomicViewer.app/WebcomicViewer";
			};
			name = Release;
		};
/* End XCBuildConfiguration section */

/* Begin XCConfigurationList section */
		727F20DC1BA11468003F56D9 /* Build configuration list for PBXProject "WebcomicViewer" */ = {
			isa = XCConfigurationList;
			buildConfigurations = (
				727F21011BA11468003F56D9 /* Debug */,
				727F21021BA11468003F56D9 /* Release */,
			);
			defaultConfigurationIsVisible = 0;
			defaultConfigurationName = Release;
		};
		727F21031BA11468003F56D9 /* Build configuration list for PBXNativeTarget "WebcomicViewer" */ = {
			isa = XCConfigurationList;
			buildConfigurations = (
				727F21041BA11468003F56D9 /* Debug */,
				727F21051BA11468003F56D9 /* Release */,
			);
			defaultConfigurationIsVisible = 0;
			defaultConfigurationName = Release;
		};
		727F21061BA11468003F56D9 /* Build configuration list for PBXNativeTarget "WebcomicViewerTests" */ = {
			isa = XCConfigurationList;
			buildConfigurations = (
				727F21071BA11468003F56D9 /* Debug */,
				727F21081BA11468003F56D9 /* Release */,
			);
			defaultConfigurationIsVisible = 0;
			defaultConfigurationName = Release;
		};
/* End XCConfigurationList section */

/* Begin XCVersionGroup section */
		727F20E81BA11468003F56D9 /* WebcomicViewer.xcdatamodeld */ = {
			isa = XCVersionGroup;
			children = (
				727F20E91BA11468003F56D9 /* WebcomicViewer.xcdatamodel */,
			);
			currentVersion = 727F20E91BA11468003F56D9 /* WebcomicViewer.xcdatamodel */;
			path = WebcomicViewer.xcdatamodeld;
			sourceTree = "<group>";
			versionGroupType = wrapper.xcdatamodel;
		};
/* End XCVersionGroup section */
	};
	rootObject = 727F20D91BA11468003F56D9 /* Project object */;
}
